
Microsoft Visual Studio Solution File, Format Version 12.00
# Visual Studio 15
VisualStudioVersion = 15.0.27428.2027
MinimumVisualStudioVersion = 10.0.40219.1
Project("{FAE04EC0-301F-11D3-BF4B-00C04F79EFBC}") = "CognitiveFaceApp.Android", "CognitiveFaceApp\CognitiveFaceApp.Android\CognitiveFaceApp.Android.csproj", "{500BC6B6-2DA6-4D34-B4ED-D6CF57152FBD}"
EndProject
Project("{FAE04EC0-301F-11D3-BF4B-00C04F79EFBC}") = "CognitiveFaceApp.iOS", "CognitiveFaceApp\CognitiveFaceApp.iOS\CognitiveFaceApp.iOS.csproj", "{F4749593-945D-4BA5-85F7-75C81B1D5A2B}"
EndProject
Project("{FAE04EC0-301F-11D3-BF4B-00C04F79EFBC}") = "CognitiveFaceApp.UWP", "CognitiveFaceApp\CognitiveFaceApp.UWP\CognitiveFaceApp.UWP.csproj", "{1FB01314-C984-42D9-83D9-1149F418BB8C}"
EndProject
Project("{FAE04EC0-301F-11D3-BF4B-00C04F79EFBC}") = "CognitiveFaceApp", "CognitiveFaceApp\CognitiveFaceApp\CognitiveFaceApp.csproj", "{E0CAC08C-675C-44A9-9E30-FBBD2C423697}"
EndProject
Global
	GlobalSection(SolutionConfigurationPlatforms) = preSolution
		Ad-Hoc|Any CPU = Ad-Hoc|Any CPU
		Ad-Hoc|ARM = Ad-Hoc|ARM
		Ad-Hoc|iPhone = Ad-Hoc|iPhone
		Ad-Hoc|iPhoneSimulator = Ad-Hoc|iPhoneSimulator
		Ad-Hoc|x64 = Ad-Hoc|x64
		Ad-Hoc|x86 = Ad-Hoc|x86
		AppStore|Any CPU = AppStore|Any CPU
		AppStore|ARM = AppStore|ARM
		AppStore|iPhone = AppStore|iPhone
		AppStore|iPhoneSimulator = AppStore|iPhoneSimulator
		AppStore|x64 = AppStore|x64
		AppStore|x86 = AppStore|x86
		Debug|Any CPU = Debug|Any CPU
		Debug|ARM = Debug|ARM
		Debug|iPhone = Debug|iPhone
		Debug|iPhoneSimulator = Debug|iPhoneSimulator
		Debug|x64 = Debug|x64
		Debug|x86 = Debug|x86
		Release|Any CPU = Release|Any CPU
		Release|ARM = Release|ARM
		Release|iPhone = Release|iPhone
		Release|iPhoneSimulator = Release|iPhoneSimulator
		Release|x64 = Release|x64
		Release|x86 = Release|x86
	EndGlobalSection
	GlobalSection(ProjectConfigurationPlatforms) = postSolution
		{500BC6B6-2DA6-4D34-B4ED-D6CF57152FBD}.Ad-Hoc|Any CPU.ActiveCfg = Release|Any CPU
		{500BC6B6-2DA6-4D34-B4ED-D6CF57152FBD}.Ad-Hoc|Any CPU.Build.0 = Release|Any CPU
		{500BC6B6-2DA6-4D34-B4ED-D6CF57152FBD}.Ad-Hoc|Any CPU.Deploy.0 = Release|Any CPU
		{500BC6B6-2DA6-4D34-B4ED-D6CF57152FBD}.Ad-Hoc|ARM.ActiveCfg = Release|Any CPU
		{500BC6B6-2DA6-4D34-B4ED-D6CF57152FBD}.Ad-Hoc|ARM.Build.0 = Release|Any CPU
		{500BC6B6-2DA6-4D34-B4ED-D6CF57152FBD}.Ad-Hoc|ARM.Deploy.0 = Release|Any CPU
		{500BC6B6-2DA6-4D34-B4ED-D6CF57152FBD}.Ad-Hoc|iPhone.ActiveCfg = Release|Any CPU
		{500BC6B6-2DA6-4D34-B4ED-D6CF57152FBD}.Ad-Hoc|iPhone.Build.0 = Release|Any CPU
		{500BC6B6-2DA6-4D34-B4ED-D6CF57152FBD}.Ad-Hoc|iPhone.Deploy.0 = Release|Any CPU
		{500BC6B6-2DA6-4D34-B4ED-D6CF57152FBD}.Ad-Hoc|iPhoneSimulator.ActiveCfg = Release|Any CPU
		{500BC6B6-2DA6-4D34-B4ED-D6CF57152FBD}.Ad-Hoc|iPhoneSimulator.Build.0 = Release|Any CPU
		{500BC6B6-2DA6-4D34-B4ED-D6CF57152FBD}.Ad-Hoc|iPhoneSimulator.Deploy.0 = Release|Any CPU
		{500BC6B6-2DA6-4D34-B4ED-D6CF57152FBD}.Ad-Hoc|x64.ActiveCfg = Release|Any CPU
		{500BC6B6-2DA6-4D34-B4ED-D6CF57152FBD}.Ad-Hoc|x64.Build.0 = Release|Any CPU
		{500BC6B6-2DA6-4D34-B4ED-D6CF57152FBD}.Ad-Hoc|x64.Deploy.0 = Release|Any CPU
		{500BC6B6-2DA6-4D34-B4ED-D6CF57152FBD}.Ad-Hoc|x86.ActiveCfg = Release|Any CPU
		{500BC6B6-2DA6-4D34-B4ED-D6CF57152FBD}.Ad-Hoc|x86.Build.0 = Release|Any CPU
		{500BC6B6-2DA6-4D34-B4ED-D6CF57152FBD}.Ad-Hoc|x86.Deploy.0 = Release|Any CPU
		{500BC6B6-2DA6-4D34-B4ED-D6CF57152FBD}.AppStore|Any CPU.ActiveCfg = Release|Any CPU
		{500BC6B6-2DA6-4D34-B4ED-D6CF57152FBD}.AppStore|Any CPU.Build.0 = Release|Any CPU
		{500BC6B6-2DA6-4D34-B4ED-D6CF57152FBD}.AppStore|Any CPU.Deploy.0 = Release|Any CPU
		{500BC6B6-2DA6-4D34-B4ED-D6CF57152FBD}.AppStore|ARM.ActiveCfg = Release|Any CPU
		{500BC6B6-2DA6-4D34-B4ED-D6CF57152FBD}.AppStore|ARM.Build.0 = Release|Any CPU
		{500BC6B6-2DA6-4D34-B4ED-D6CF57152FBD}.AppStore|ARM.Deploy.0 = Release|Any CPU
		{500BC6B6-2DA6-4D34-B4ED-D6CF57152FBD}.AppStore|iPhone.ActiveCfg = Release|Any CPU
		{500BC6B6-2DA6-4D34-B4ED-D6CF57152FBD}.AppStore|iPhone.Build.0 = Release|Any CPU
		{500BC6B6-2DA6-4D34-B4ED-D6CF57152FBD}.AppStore|iPhone.Deploy.0 = Release|Any CPU
		{500BC6B6-2DA6-4D34-B4ED-D6CF57152FBD}.AppStore|iPhoneSimulator.ActiveCfg = Release|Any CPU
		{500BC6B6-2DA6-4D34-B4ED-D6CF57152FBD}.AppStore|iPhoneSimulator.Build.0 = Release|Any CPU
		{500BC6B6-2DA6-4D34-B4ED-D6CF57152FBD}.AppStore|iPhoneSimulator.Deploy.0 = Release|Any CPU
		{500BC6B6-2DA6-4D34-B4ED-D6CF57152FBD}.AppStore|x64.ActiveCfg = Release|Any CPU
		{500BC6B6-2DA6-4D34-B4ED-D6CF57152FBD}.AppStore|x64.Build.0 = Release|Any CPU
		{500BC6B6-2DA6-4D34-B4ED-D6CF57152FBD}.AppStore|x64.Deploy.0 = Release|Any CPU
		{500BC6B6-2DA6-4D34-B4ED-D6CF57152FBD}.AppStore|x86.ActiveCfg = Release|Any CPU
		{500BC6B6-2DA6-4D34-B4ED-D6CF57152FBD}.AppStore|x86.Build.0 = Release|Any CPU
		{500BC6B6-2DA6-4D34-B4ED-D6CF57152FBD}.AppStore|x86.Deploy.0 = Release|Any CPU
		{500BC6B6-2DA6-4D34-B4ED-D6CF57152FBD}.Debug|Any CPU.ActiveCfg = Debug|Any CPU
		{500BC6B6-2DA6-4D34-B4ED-D6CF57152FBD}.Debug|Any CPU.Build.0 = Debug|Any CPU
		{500BC6B6-2DA6-4D34-B4ED-D6CF57152FBD}.Debug|Any CPU.Deploy.0 = Debug|Any CPU
		{500BC6B6-2DA6-4D34-B4ED-D6CF57152FBD}.Debug|ARM.ActiveCfg = Debug|Any CPU
		{500BC6B6-2DA6-4D34-B4ED-D6CF57152FBD}.Debug|ARM.Build.0 = Debug|Any CPU
		{500BC6B6-2DA6-4D34-B4ED-D6CF57152FBD}.Debug|ARM.Deploy.0 = Debug|Any CPU
		{500BC6B6-2DA6-4D34-B4ED-D6CF57152FBD}.Debug|iPhone.ActiveCfg = Debug|Any CPU
		{500BC6B6-2DA6-4D34-B4ED-D6CF57152FBD}.Debug|iPhone.Build.0 = Debug|Any CPU
		{500BC6B6-2DA6-4D34-B4ED-D6CF57152FBD}.Debug|iPhone.Deploy.0 = Debug|Any CPU
		{500BC6B6-2DA6-4D34-B4ED-D6CF57152FBD}.Debug|iPhoneSimulator.ActiveCfg = Debug|Any CPU
		{500BC6B6-2DA6-4D34-B4ED-D6CF57152FBD}.Debug|iPhoneSimulator.Build.0 = Debug|Any CPU
		{500BC6B6-2DA6-4D34-B4ED-D6CF57152FBD}.Debug|iPhoneSimulator.Deploy.0 = Debug|Any CPU
		{500BC6B6-2DA6-4D34-B4ED-D6CF57152FBD}.Debug|x64.ActiveCfg = Debug|Any CPU
		{500BC6B6-2DA6-4D34-B4ED-D6CF57152FBD}.Debug|x64.Build.0 = Debug|Any CPU
		{500BC6B6-2DA6-4D34-B4ED-D6CF57152FBD}.Debug|x64.Deploy.0 = Debug|Any CPU
		{500BC6B6-2DA6-4D34-B4ED-D6CF57152FBD}.Debug|x86.ActiveCfg = Debug|Any CPU
		{500BC6B6-2DA6-4D34-B4ED-D6CF57152FBD}.Debug|x86.Build.0 = Debug|Any CPU
		{500BC6B6-2DA6-4D34-B4ED-D6CF57152FBD}.Debug|x86.Deploy.0 = Debug|Any CPU
		{500BC6B6-2DA6-4D34-B4ED-D6CF57152FBD}.Release|Any CPU.ActiveCfg = Release|Any CPU
		{500BC6B6-2DA6-4D34-B4ED-D6CF57152FBD}.Release|Any CPU.Build.0 = Release|Any CPU
		{500BC6B6-2DA6-4D34-B4ED-D6CF57152FBD}.Release|Any CPU.Deploy.0 = Release|Any CPU
		{500BC6B6-2DA6-4D34-B4ED-D6CF57152FBD}.Release|ARM.ActiveCfg = Release|Any CPU
		{500BC6B6-2DA6-4D34-B4ED-D6CF57152FBD}.Release|ARM.Build.0 = Release|Any CPU
		{500BC6B6-2DA6-4D34-B4ED-D6CF57152FBD}.Release|ARM.Deploy.0 = Release|Any CPU
		{500BC6B6-2DA6-4D34-B4ED-D6CF57152FBD}.Release|iPhone.ActiveCfg = Release|Any CPU
		{500BC6B6-2DA6-4D34-B4ED-D6CF57152FBD}.Release|iPhone.Build.0 = Release|Any CPU
		{500BC6B6-2DA6-4D34-B4ED-D6CF57152FBD}.Release|iPhone.Deploy.0 = Release|Any CPU
		{500BC6B6-2DA6-4D34-B4ED-D6CF57152FBD}.Release|iPhoneSimulator.ActiveCfg = Release|Any CPU
		{500BC6B6-2DA6-4D34-B4ED-D6CF57152FBD}.Release|iPhoneSimulator.Build.0 = Release|Any CPU
		{500BC6B6-2DA6-4D34-B4ED-D6CF57152FBD}.Release|iPhoneSimulator.Deploy.0 = Release|Any CPU
		{500BC6B6-2DA6-4D34-B4ED-D6CF57152FBD}.Release|x64.ActiveCfg = Release|Any CPU
		{500BC6B6-2DA6-4D34-B4ED-D6CF57152FBD}.Release|x64.Build.0 = Release|Any CPU
		{500BC6B6-2DA6-4D34-B4ED-D6CF57152FBD}.Release|x64.Deploy.0 = Release|Any CPU
		{500BC6B6-2DA6-4D34-B4ED-D6CF57152FBD}.Release|x86.ActiveCfg = Release|Any CPU
		{500BC6B6-2DA6-4D34-B4ED-D6CF57152FBD}.Release|x86.Build.0 = Release|Any CPU
		{500BC6B6-2DA6-4D34-B4ED-D6CF57152FBD}.Release|x86.Deploy.0 = Release|Any CPU
		{F4749593-945D-4BA5-85F7-75C81B1D5A2B}.Ad-Hoc|Any CPU.ActiveCfg = Ad-Hoc|iPhone
		{F4749593-945D-4BA5-85F7-75C81B1D5A2B}.Ad-Hoc|ARM.ActiveCfg = Ad-Hoc|iPhone
		{F4749593-945D-4BA5-85F7-75C81B1D5A2B}.Ad-Hoc|iPhone.ActiveCfg = Ad-Hoc|iPhone
		{F4749593-945D-4BA5-85F7-75C81B1D5A2B}.Ad-Hoc|iPhone.Build.0 = Ad-Hoc|iPhone
		{F4749593-945D-4BA5-85F7-75C81B1D5A2B}.Ad-Hoc|iPhoneSimulator.ActiveCfg = Ad-Hoc|iPhoneSimulator
		{F4749593-945D-4BA5-85F7-75C81B1D5A2B}.Ad-Hoc|iPhoneSimulator.Build.0 = Ad-Hoc|iPhoneSimulator
		{F4749593-945D-4BA5-85F7-75C81B1D5A2B}.Ad-Hoc|x64.ActiveCfg = Ad-Hoc|iPhone
		{F4749593-945D-4BA5-85F7-75C81B1D5A2B}.Ad-Hoc|x86.ActiveCfg = Ad-Hoc|iPhone
		{F4749593-945D-4BA5-85F7-75C81B1D5A2B}.AppStore|Any CPU.ActiveCfg = AppStore|iPhone
		{F4749593-945D-4BA5-85F7-75C81B1D5A2B}.AppStore|ARM.ActiveCfg = AppStore|iPhone
		{F4749593-945D-4BA5-85F7-75C81B1D5A2B}.AppStore|iPhone.ActiveCfg = AppStore|iPhone
		{F4749593-945D-4BA5-85F7-75C81B1D5A2B}.AppStore|iPhone.Build.0 = AppStore|iPhone
		{F4749593-945D-4BA5-85F7-75C81B1D5A2B}.AppStore|iPhoneSimulator.ActiveCfg = AppStore|iPhoneSimulator
		{F4749593-945D-4BA5-85F7-75C81B1D5A2B}.AppStore|iPhoneSimulator.Build.0 = AppStore|iPhoneSimulator
		{F4749593-945D-4BA5-85F7-75C81B1D5A2B}.AppStore|x64.ActiveCfg = AppStore|iPhone
		{F4749593-945D-4BA5-85F7-75C81B1D5A2B}.AppStore|x86.ActiveCfg = AppStore|iPhone
		{F4749593-945D-4BA5-85F7-75C81B1D5A2B}.Debug|Any CPU.ActiveCfg = Debug|iPhone
		{F4749593-945D-4BA5-85F7-75C81B1D5A2B}.Debug|ARM.ActiveCfg = Debug|iPhone
		{F4749593-945D-4BA5-85F7-75C81B1D5A2B}.Debug|iPhone.ActiveCfg = Debug|iPhone
		{F4749593-945D-4BA5-85F7-75C81B1D5A2B}.Debug|iPhone.Build.0 = Debug|iPhone
		{F4749593-945D-4BA5-85F7-75C81B1D5A2B}.Debug|iPhoneSimulator.ActiveCfg = Debug|iPhoneSimulator
		{F4749593-945D-4BA5-85F7-75C81B1D5A2B}.Debug|iPhoneSimulator.Build.0 = Debug|iPhoneSimulator
		{F4749593-945D-4BA5-85F7-75C81B1D5A2B}.Debug|x64.ActiveCfg = Debug|iPhone
		{F4749593-945D-4BA5-85F7-75C81B1D5A2B}.Debug|x86.ActiveCfg = Debug|iPhone
		{F4749593-945D-4BA5-85F7-75C81B1D5A2B}.Release|Any CPU.ActiveCfg = Release|iPhone
		{F4749593-945D-4BA5-85F7-75C81B1D5A2B}.Release|ARM.ActiveCfg = Release|iPhone
		{F4749593-945D-4BA5-85F7-75C81B1D5A2B}.Release|iPhone.ActiveCfg = Release|iPhone
		{F4749593-945D-4BA5-85F7-75C81B1D5A2B}.Release|iPhone.Build.0 = Release|iPhone
		{F4749593-945D-4BA5-85F7-75C81B1D5A2B}.Release|iPhoneSimulator.ActiveCfg = Release|iPhoneSimulator
		{F4749593-945D-4BA5-85F7-75C81B1D5A2B}.Release|iPhoneSimulator.Build.0 = Release|iPhoneSimulator
		{F4749593-945D-4BA5-85F7-75C81B1D5A2B}.Release|x64.ActiveCfg = Release|iPhone
		{F4749593-945D-4BA5-85F7-75C81B1D5A2B}.Release|x86.ActiveCfg = Release|iPhone
		{1FB01314-C984-42D9-83D9-1149F418BB8C}.Ad-Hoc|Any CPU.ActiveCfg = Release|x86
		{1FB01314-C984-42D9-83D9-1149F418BB8C}.Ad-Hoc|Any CPU.Build.0 = Release|x86
		{1FB01314-C984-42D9-83D9-1149F418BB8C}.Ad-Hoc|Any CPU.Deploy.0 = Release|x86
		{1FB01314-C984-42D9-83D9-1149F418BB8C}.Ad-Hoc|ARM.ActiveCfg = Release|ARM
		{1FB01314-C984-42D9-83D9-1149F418BB8C}.Ad-Hoc|ARM.Build.0 = Release|ARM
		{1FB01314-C984-42D9-83D9-1149F418BB8C}.Ad-Hoc|ARM.Deploy.0 = Release|ARM
		{1FB01314-C984-42D9-83D9-1149F418BB8C}.Ad-Hoc|iPhone.ActiveCfg = Release|x86
		{1FB01314-C984-42D9-83D9-1149F418BB8C}.Ad-Hoc|iPhone.Build.0 = Release|x86
		{1FB01314-C984-42D9-83D9-1149F418BB8C}.Ad-Hoc|iPhone.Deploy.0 = Release|x86
		{1FB01314-C984-42D9-83D9-1149F418BB8C}.Ad-Hoc|iPhoneSimulator.ActiveCfg = Release|x86
		{1FB01314-C984-42D9-83D9-1149F418BB8C}.Ad-Hoc|iPhoneSimulator.Build.0 = Release|x86
		{1FB01314-C984-42D9-83D9-1149F418BB8C}.Ad-Hoc|iPhoneSimulator.Deploy.0 = Release|x86
		{1FB01314-C984-42D9-83D9-1149F418BB8C}.Ad-Hoc|x64.ActiveCfg = Release|x64
		{1FB01314-C984-42D9-83D9-1149F418BB8C}.Ad-Hoc|x64.Build.0 = Release|x64
		{1FB01314-C984-42D9-83D9-1149F418BB8C}.Ad-Hoc|x64.Deploy.0 = Release|x64
		{1FB01314-C984-42D9-83D9-1149F418BB8C}.Ad-Hoc|x86.ActiveCfg = Release|x86
		{1FB01314-C984-42D9-83D9-1149F418BB8C}.Ad-Hoc|x86.Build.0 = Release|x86
		{1FB01314-C984-42D9-83D9-1149F418BB8C}.Ad-Hoc|x86.Deploy.0 = Release|x86
		{1FB01314-C984-42D9-83D9-1149F418BB8C}.AppStore|Any CPU.ActiveCfg = Release|x86
		{1FB01314-C984-42D9-83D9-1149F418BB8C}.AppStore|Any CPU.Build.0 = Release|x86
		{1FB01314-C984-42D9-83D9-1149F418BB8C}.AppStore|Any CPU.Deploy.0 = Release|x86
		{1FB01314-C984-42D9-83D9-1149F418BB8C}.AppStore|ARM.ActiveCfg = Release|ARM
		{1FB01314-C984-42D9-83D9-1149F418BB8C}.AppStore|ARM.Build.0 = Release|ARM
		{1FB01314-C984-42D9-83D9-1149F418BB8C}.AppStore|ARM.Deploy.0 = Release|ARM
		{1FB01314-C984-42D9-83D9-1149F418BB8C}.AppStore|iPhone.ActiveCfg = Release|x86
		{1FB01314-C984-42D9-83D9-1149F418BB8C}.AppStore|iPhone.Build.0 = Release|x86
		{1FB01314-C984-42D9-83D9-1149F418BB8C}.AppStore|iPhone.Deploy.0 = Release|x86
		{1FB01314-C984-42D9-83D9-1149F418BB8C}.AppStore|iPhoneSimulator.ActiveCfg = Release|x86
		{1FB01314-C984-42D9-83D9-1149F418BB8C}.AppStore|iPhoneSimulator.Build.0 = Release|x86
		{1FB01314-C984-42D9-83D9-1149F418BB8C}.AppStore|iPhoneSimulator.Deploy.0 = Release|x86
		{1FB01314-C984-42D9-83D9-1149F418BB8C}.AppStore|x64.ActiveCfg = Release|x64
		{1FB01314-C984-42D9-83D9-1149F418BB8C}.AppStore|x64.Build.0 = Release|x64
		{1FB01314-C984-42D9-83D9-1149F418BB8C}.AppStore|x64.Deploy.0 = Release|x64
		{1FB01314-C984-42D9-83D9-1149F418BB8C}.AppStore|x86.ActiveCfg = Release|x86
		{1FB01314-C984-42D9-83D9-1149F418BB8C}.AppStore|x86.Build.0 = Release|x86
		{1FB01314-C984-42D9-83D9-1149F418BB8C}.AppStore|x86.Deploy.0 = Release|x86
		{1FB01314-C984-42D9-83D9-1149F418BB8C}.Debug|Any CPU.ActiveCfg = Debug|x86
		{1FB01314-C984-42D9-83D9-1149F418BB8C}.Debug|ARM.ActiveCfg = Debug|ARM
		{1FB01314-C984-42D9-83D9-1149F418BB8C}.Debug|ARM.Build.0 = Debug|ARM
		{1FB01314-C984-42D9-83D9-1149F418BB8C}.Debug|ARM.Deploy.0 = Debug|ARM
		{1FB01314-C984-42D9-83D9-1149F418BB8C}.Debug|iPhone.ActiveCfg = Debug|x86
		{1FB01314-C984-42D9-83D9-1149F418BB8C}.Debug|iPhoneSimulator.ActiveCfg = Debug|x86
		{1FB01314-C984-42D9-83D9-1149F418BB8C}.Debug|x64.ActiveCfg = Debug|x64
		{1FB01314-C984-42D9-83D9-1149F418BB8C}.Debug|x64.Build.0 = Debug|x64
		{1FB01314-C984-42D9-83D9-1149F418BB8C}.Debug|x64.Deploy.0 = Debug|x64
		{1FB01314-C984-42D9-83D9-1149F418BB8C}.Debug|x86.ActiveCfg = Debug|x86
		{1FB01314-C984-42D9-83D9-1149F418BB8C}.Debug|x86.Build.0 = Debug|x86
		{1FB01314-C984-42D9-83D9-1149F418BB8C}.Debug|x86.Deploy.0 = Debug|x86
		{1FB01314-C984-42D9-83D9-1149F418BB8C}.Release|Any CPU.ActiveCfg = Release|x86
		{1FB01314-C984-42D9-83D9-1149F418BB8C}.Release|ARM.ActiveCfg = Release|ARM
		{1FB01314-C984-42D9-83D9-1149F418BB8C}.Release|ARM.Build.0 = Release|ARM
		{1FB01314-C984-42D9-83D9-1149F418BB8C}.Release|ARM.Deploy.0 = Release|ARM
		{1FB01314-C984-42D9-83D9-1149F418BB8C}.Release|iPhone.ActiveCfg = Release|x86
		{1FB01314-C984-42D9-83D9-1149F418BB8C}.Release|iPhoneSimulator.ActiveCfg = Release|x86
		{1FB01314-C984-42D9-83D9-1149F418BB8C}.Release|x64.ActiveCfg = Release|x64
		{1FB01314-C984-42D9-83D9-1149F418BB8C}.Release|x64.Build.0 = Release|x64
		{1FB01314-C984-42D9-83D9-1149F418BB8C}.Release|x64.Deploy.0 = Release|x64
		{1FB01314-C984-42D9-83D9-1149F418BB8C}.Release|x86.ActiveCfg = Release|x86
		{1FB01314-C984-42D9-83D9-1149F418BB8C}.Release|x86.Build.0 = Release|x86
		{1FB01314-C984-42D9-83D9-1149F418BB8C}.Release|x86.Deploy.0 = Release|x86
		{E0CAC08C-675C-44A9-9E30-FBBD2C423697}.Ad-Hoc|Any CPU.ActiveCfg = Debug|Any CPU
		{E0CAC08C-675C-44A9-9E30-FBBD2C423697}.Ad-Hoc|Any CPU.Build.0 = Debug|Any CPU
		{E0CAC08C-675C-44A9-9E30-FBBD2C423697}.Ad-Hoc|ARM.ActiveCfg = Debug|Any CPU
		{E0CAC08C-675C-44A9-9E30-FBBD2C423697}.Ad-Hoc|ARM.Build.0 = Debug|Any CPU
		{E0CAC08C-675C-44A9-9E30-FBBD2C423697}.Ad-Hoc|iPhone.ActiveCfg = Debug|Any CPU
		{E0CAC08C-675C-44A9-9E30-FBBD2C423697}.Ad-Hoc|iPhone.Build.0 = Debug|Any CPU
		{E0CAC08C-675C-44A9-9E30-FBBD2C423697}.Ad-Hoc|iPhoneSimulator.ActiveCfg = Debug|Any CPU
		{E0CAC08C-675C-44A9-9E30-FBBD2C423697}.Ad-Hoc|iPhoneSimulator.Build.0 = Debug|Any CPU
		{E0CAC08C-675C-44A9-9E30-FBBD2C423697}.Ad-Hoc|x64.ActiveCfg = Debug|Any CPU
		{E0CAC08C-675C-44A9-9E30-FBBD2C423697}.Ad-Hoc|x64.Build.0 = Debug|Any CPU
		{E0CAC08C-675C-44A9-9E30-FBBD2C423697}.Ad-Hoc|x86.ActiveCfg = Debug|Any CPU
		{E0CAC08C-675C-44A9-9E30-FBBD2C423697}.Ad-Hoc|x86.Build.0 = Debug|Any CPU
		{E0CAC08C-675C-44A9-9E30-FBBD2C423697}.AppStore|Any CPU.ActiveCfg = Debug|Any CPU
		{E0CAC08C-675C-44A9-9E30-FBBD2C423697}.AppStore|Any CPU.Build.0 = Debug|Any CPU
		{E0CAC08C-675C-44A9-9E30-FBBD2C423697}.AppStore|ARM.ActiveCfg = Debug|Any CPU
		{E0CAC08C-675C-44A9-9E30-FBBD2C423697}.AppStore|ARM.Build.0 = Debug|Any CPU
		{E0CAC08C-675C-44A9-9E30-FBBD2C423697}.AppStore|iPhone.ActiveCfg = Debug|Any CPU
		{E0CAC08C-675C-44A9-9E30-FBBD2C423697}.AppStore|iPhone.Build.0 = Debug|Any CPU
		{E0CAC08C-675C-44A9-9E30-FBBD2C423697}.AppStore|iPhoneSimulator.ActiveCfg = Debug|Any CPU
		{E0CAC08C-675C-44A9-9E30-FBBD2C423697}.AppStore|iPhoneSimulator.Build.0 = Debug|Any CPU
		{E0CAC08C-675C-44A9-9E30-FBBD2C423697}.AppStore|x64.ActiveCfg = Debug|Any CPU
		{E0CAC08C-675C-44A9-9E30-FBBD2C423697}.AppStore|x64.Build.0 = Debug|Any CPU
		{E0CAC08C-675C-44A9-9E30-FBBD2C423697}.AppStore|x86.ActiveCfg = Debug|Any CPU
		{E0CAC08C-675C-44A9-9E30-FBBD2C423697}.AppStore|x86.Build.0 = Debug|Any CPU
		{E0CAC08C-675C-44A9-9E30-FBBD2C423697}.Debug|Any CPU.ActiveCfg = Debug|Any CPU
		{E0CAC08C-675C-44A9-9E30-FBBD2C423697}.Debug|Any CPU.Build.0 = Debug|Any CPU
		{E0CAC08C-675C-44A9-9E30-FBBD2C423697}.Debug|ARM.ActiveCfg = Debug|Any CPU
		{E0CAC08C-675C-44A9-9E30-FBBD2C423697}.Debug|ARM.Build.0 = Debug|Any CPU
		{E0CAC08C-675C-44A9-9E30-FBBD2C423697}.Debug|iPhone.ActiveCfg = Debug|Any CPU
		{E0CAC08C-675C-44A9-9E30-FBBD2C423697}.Debug|iPhone.Build.0 = Debug|Any CPU
		{E0CAC08C-675C-44A9-9E30-FBBD2C423697}.Debug|iPhoneSimulator.ActiveCfg = Debug|Any CPU
		{E0CAC08C-675C-44A9-9E30-FBBD2C423697}.Debug|iPhoneSimulator.Build.0 = Debug|Any CPU
		{E0CAC08C-675C-44A9-9E30-FBBD2C423697}.Debug|x64.ActiveCfg = Debug|Any CPU
		{E0CAC08C-675C-44A9-9E30-FBBD2C423697}.Debug|x64.Build.0 = Debug|Any CPU
		{E0CAC08C-675C-44A9-9E30-FBBD2C423697}.Debug|x86.ActiveCfg = Debug|Any CPU
		{E0CAC08C-675C-44A9-9E30-FBBD2C423697}.Debug|x86.Build.0 = Debug|Any CPU
		{E0CAC08C-675C-44A9-9E30-FBBD2C423697}.Release|Any CPU.ActiveCfg = Release|Any CPU
		{E0CAC08C-675C-44A9-9E30-FBBD2C423697}.Release|Any CPU.Build.0 = Release|Any CPU
		{E0CAC08C-675C-44A9-9E30-FBBD2C423697}.Release|ARM.ActiveCfg = Release|Any CPU
		{E0CAC08C-675C-44A9-9E30-FBBD2C423697}.Release|ARM.Build.0 = Release|Any CPU
		{E0CAC08C-675C-44A9-9E30-FBBD2C423697}.Release|iPhone.ActiveCfg = Release|Any CPU
		{E0CAC08C-675C-44A9-9E30-FBBD2C423697}.Release|iPhone.Build.0 = Release|Any CPU
		{E0CAC08C-675C-44A9-9E30-FBBD2C423697}.Release|iPhoneSimulator.ActiveCfg = Release|Any CPU
		{E0CAC08C-675C-44A9-9E30-FBBD2C423697}.Release|iPhoneSimulator.Build.0 = Release|Any CPU
		{E0CAC08C-675C-44A9-9E30-FBBD2C423697}.Release|x64.ActiveCfg = Release|Any CPU
		{E0CAC08C-675C-44A9-9E30-FBBD2C423697}.Release|x64.Build.0 = Release|Any CPU
		{E0CAC08C-675C-44A9-9E30-FBBD2C423697}.Release|x86.ActiveCfg = Release|Any CPU
		{E0CAC08C-675C-44A9-9E30-FBBD2C423697}.Release|x86.Build.0 = Release|Any CPU
	EndGlobalSection
	GlobalSection(SolutionProperties) = preSolution
		HideSolutionNode = FALSE
	EndGlobalSection
	GlobalSection(ExtensibilityGlobals) = postSolution
		SolutionGuid = {ABDE6C22-894A-44D4-B5B9-3809E4F31251}
	EndGlobalSection
EndGlobal
