
Microsoft Visual Studio Solution File, Format Version 12.00
# Visual Studio 15
VisualStudioVersion = 15.0.27428.2027
MinimumVisualStudioVersion = 10.0.40219.1
Project("{FAE04EC0-301F-11D3-BF4B-00C04F79EFBC}") = "CognitiveFaceApp.Android", "CognitiveFaceApp\CognitiveFaceApp.Android\CognitiveFaceApp.Android.csproj", "{CE758F86-CBDE-4EF9-90E3-57FBDA6580B6}"
EndProject
Project("{FAE04EC0-301F-11D3-BF4B-00C04F79EFBC}") = "CognitiveFaceApp.iOS", "CognitiveFaceApp\CognitiveFaceApp.iOS\CognitiveFaceApp.iOS.csproj", "{2DD806DE-BFAF-4C60-9AD8-78D0A49CBE13}"
EndProject
Project("{FAE04EC0-301F-11D3-BF4B-00C04F79EFBC}") = "CognitiveFaceApp.UWP", "CognitiveFaceApp\CognitiveFaceApp.UWP\CognitiveFaceApp.UWP.csproj", "{8B9834EC-A90F-459D-8F9B-687AADED1752}"
EndProject
Project("{FAE04EC0-301F-11D3-BF4B-00C04F79EFBC}") = "CognitiveFaceApp", "CognitiveFaceApp\CognitiveFaceApp\CognitiveFaceApp.csproj", "{86AA572C-4446-4819-BD08-7B0F48605992}"
EndProject
Global
	GlobalSection(SolutionConfigurationPlatforms) = preSolution
		Ad-Hoc|Any CPU = Ad-Hoc|Any CPU
		Ad-Hoc|ARM = Ad-Hoc|ARM
		Ad-Hoc|iPhone = Ad-Hoc|iPhone
		Ad-Hoc|iPhoneSimulator = Ad-Hoc|iPhoneSimulator
		Ad-Hoc|x64 = Ad-Hoc|x64
		Ad-Hoc|x86 = Ad-Hoc|x86
		AppStore|Any CPU = AppStore|Any CPU
		AppStore|ARM = AppStore|ARM
		AppStore|iPhone = AppStore|iPhone
		AppStore|iPhoneSimulator = AppStore|iPhoneSimulator
		AppStore|x64 = AppStore|x64
		AppStore|x86 = AppStore|x86
		Debug|Any CPU = Debug|Any CPU
		Debug|ARM = Debug|ARM
		Debug|iPhone = Debug|iPhone
		Debug|iPhoneSimulator = Debug|iPhoneSimulator
		Debug|x64 = Debug|x64
		Debug|x86 = Debug|x86
		Release|Any CPU = Release|Any CPU
		Release|ARM = Release|ARM
		Release|iPhone = Release|iPhone
		Release|iPhoneSimulator = Release|iPhoneSimulator
		Release|x64 = Release|x64
		Release|x86 = Release|x86
	EndGlobalSection
	GlobalSection(ProjectConfigurationPlatforms) = postSolution
		{CE758F86-CBDE-4EF9-90E3-57FBDA6580B6}.Ad-Hoc|Any CPU.ActiveCfg = Release|Any CPU
		{CE758F86-CBDE-4EF9-90E3-57FBDA6580B6}.Ad-Hoc|Any CPU.Build.0 = Release|Any CPU
		{CE758F86-CBDE-4EF9-90E3-57FBDA6580B6}.Ad-Hoc|Any CPU.Deploy.0 = Release|Any CPU
		{CE758F86-CBDE-4EF9-90E3-57FBDA6580B6}.Ad-Hoc|ARM.ActiveCfg = Release|Any CPU
		{CE758F86-CBDE-4EF9-90E3-57FBDA6580B6}.Ad-Hoc|ARM.Build.0 = Release|Any CPU
		{CE758F86-CBDE-4EF9-90E3-57FBDA6580B6}.Ad-Hoc|ARM.Deploy.0 = Release|Any CPU
		{CE758F86-CBDE-4EF9-90E3-57FBDA6580B6}.Ad-Hoc|iPhone.ActiveCfg = Release|Any CPU
		{CE758F86-CBDE-4EF9-90E3-57FBDA6580B6}.Ad-Hoc|iPhone.Build.0 = Release|Any CPU
		{CE758F86-CBDE-4EF9-90E3-57FBDA6580B6}.Ad-Hoc|iPhone.Deploy.0 = Release|Any CPU
		{CE758F86-CBDE-4EF9-90E3-57FBDA6580B6}.Ad-Hoc|iPhoneSimulator.ActiveCfg = Release|Any CPU
		{CE758F86-CBDE-4EF9-90E3-57FBDA6580B6}.Ad-Hoc|iPhoneSimulator.Build.0 = Release|Any CPU
		{CE758F86-CBDE-4EF9-90E3-57FBDA6580B6}.Ad-Hoc|iPhoneSimulator.Deploy.0 = Release|Any CPU
		{CE758F86-CBDE-4EF9-90E3-57FBDA6580B6}.Ad-Hoc|x64.ActiveCfg = Release|Any CPU
		{CE758F86-CBDE-4EF9-90E3-57FBDA6580B6}.Ad-Hoc|x64.Build.0 = Release|Any CPU
		{CE758F86-CBDE-4EF9-90E3-57FBDA6580B6}.Ad-Hoc|x64.Deploy.0 = Release|Any CPU
		{CE758F86-CBDE-4EF9-90E3-57FBDA6580B6}.Ad-Hoc|x86.ActiveCfg = Release|Any CPU
		{CE758F86-CBDE-4EF9-90E3-57FBDA6580B6}.Ad-Hoc|x86.Build.0 = Release|Any CPU
		{CE758F86-CBDE-4EF9-90E3-57FBDA6580B6}.Ad-Hoc|x86.Deploy.0 = Release|Any CPU
		{CE758F86-CBDE-4EF9-90E3-57FBDA6580B6}.AppStore|Any CPU.ActiveCfg = Release|Any CPU
		{CE758F86-CBDE-4EF9-90E3-57FBDA6580B6}.AppStore|Any CPU.Build.0 = Release|Any CPU
		{CE758F86-CBDE-4EF9-90E3-57FBDA6580B6}.AppStore|Any CPU.Deploy.0 = Release|Any CPU
		{CE758F86-CBDE-4EF9-90E3-57FBDA6580B6}.AppStore|ARM.ActiveCfg = Release|Any CPU
		{CE758F86-CBDE-4EF9-90E3-57FBDA6580B6}.AppStore|ARM.Build.0 = Release|Any CPU
		{CE758F86-CBDE-4EF9-90E3-57FBDA6580B6}.AppStore|ARM.Deploy.0 = Release|Any CPU
		{CE758F86-CBDE-4EF9-90E3-57FBDA6580B6}.AppStore|iPhone.ActiveCfg = Release|Any CPU
		{CE758F86-CBDE-4EF9-90E3-57FBDA6580B6}.AppStore|iPhone.Build.0 = Release|Any CPU
		{CE758F86-CBDE-4EF9-90E3-57FBDA6580B6}.AppStore|iPhone.Deploy.0 = Release|Any CPU
		{CE758F86-CBDE-4EF9-90E3-57FBDA6580B6}.AppStore|iPhoneSimulator.ActiveCfg = Release|Any CPU
		{CE758F86-CBDE-4EF9-90E3-57FBDA6580B6}.AppStore|iPhoneSimulator.Build.0 = Release|Any CPU
		{CE758F86-CBDE-4EF9-90E3-57FBDA6580B6}.AppStore|iPhoneSimulator.Deploy.0 = Release|Any CPU
		{CE758F86-CBDE-4EF9-90E3-57FBDA6580B6}.AppStore|x64.ActiveCfg = Release|Any CPU
		{CE758F86-CBDE-4EF9-90E3-57FBDA6580B6}.AppStore|x64.Build.0 = Release|Any CPU
		{CE758F86-CBDE-4EF9-90E3-57FBDA6580B6}.AppStore|x64.Deploy.0 = Release|Any CPU
		{CE758F86-CBDE-4EF9-90E3-57FBDA6580B6}.AppStore|x86.ActiveCfg = Release|Any CPU
		{CE758F86-CBDE-4EF9-90E3-57FBDA6580B6}.AppStore|x86.Build.0 = Release|Any CPU
		{CE758F86-CBDE-4EF9-90E3-57FBDA6580B6}.AppStore|x86.Deploy.0 = Release|Any CPU
		{CE758F86-CBDE-4EF9-90E3-57FBDA6580B6}.Debug|Any CPU.ActiveCfg = Debug|Any CPU
		{CE758F86-CBDE-4EF9-90E3-57FBDA6580B6}.Debug|Any CPU.Build.0 = Debug|Any CPU
		{CE758F86-CBDE-4EF9-90E3-57FBDA6580B6}.Debug|Any CPU.Deploy.0 = Debug|Any CPU
		{CE758F86-CBDE-4EF9-90E3-57FBDA6580B6}.Debug|ARM.ActiveCfg = Debug|Any CPU
		{CE758F86-CBDE-4EF9-90E3-57FBDA6580B6}.Debug|ARM.Build.0 = Debug|Any CPU
		{CE758F86-CBDE-4EF9-90E3-57FBDA6580B6}.Debug|ARM.Deploy.0 = Debug|Any CPU
		{CE758F86-CBDE-4EF9-90E3-57FBDA6580B6}.Debug|iPhone.ActiveCfg = Debug|Any CPU
		{CE758F86-CBDE-4EF9-90E3-57FBDA6580B6}.Debug|iPhone.Build.0 = Debug|Any CPU
		{CE758F86-CBDE-4EF9-90E3-57FBDA6580B6}.Debug|iPhone.Deploy.0 = Debug|Any CPU
		{CE758F86-CBDE-4EF9-90E3-57FBDA6580B6}.Debug|iPhoneSimulator.ActiveCfg = Debug|Any CPU
		{CE758F86-CBDE-4EF9-90E3-57FBDA6580B6}.Debug|iPhoneSimulator.Build.0 = Debug|Any CPU
		{CE758F86-CBDE-4EF9-90E3-57FBDA6580B6}.Debug|iPhoneSimulator.Deploy.0 = Debug|Any CPU
		{CE758F86-CBDE-4EF9-90E3-57FBDA6580B6}.Debug|x64.ActiveCfg = Debug|Any CPU
		{CE758F86-CBDE-4EF9-90E3-57FBDA6580B6}.Debug|x64.Build.0 = Debug|Any CPU
		{CE758F86-CBDE-4EF9-90E3-57FBDA6580B6}.Debug|x64.Deploy.0 = Debug|Any CPU
		{CE758F86-CBDE-4EF9-90E3-57FBDA6580B6}.Debug|x86.ActiveCfg = Debug|Any CPU
		{CE758F86-CBDE-4EF9-90E3-57FBDA6580B6}.Debug|x86.Build.0 = Debug|Any CPU
		{CE758F86-CBDE-4EF9-90E3-57FBDA6580B6}.Debug|x86.Deploy.0 = Debug|Any CPU
		{CE758F86-CBDE-4EF9-90E3-57FBDA6580B6}.Release|Any CPU.ActiveCfg = Release|Any CPU
		{CE758F86-CBDE-4EF9-90E3-57FBDA6580B6}.Release|Any CPU.Build.0 = Release|Any CPU
		{CE758F86-CBDE-4EF9-90E3-57FBDA6580B6}.Release|Any CPU.Deploy.0 = Release|Any CPU
		{CE758F86-CBDE-4EF9-90E3-57FBDA6580B6}.Release|ARM.ActiveCfg = Release|Any CPU
		{CE758F86-CBDE-4EF9-90E3-57FBDA6580B6}.Release|ARM.Build.0 = Release|Any CPU
		{CE758F86-CBDE-4EF9-90E3-57FBDA6580B6}.Release|ARM.Deploy.0 = Release|Any CPU
		{CE758F86-CBDE-4EF9-90E3-57FBDA6580B6}.Release|iPhone.ActiveCfg = Release|Any CPU
		{CE758F86-CBDE-4EF9-90E3-57FBDA6580B6}.Release|iPhone.Build.0 = Release|Any CPU
		{CE758F86-CBDE-4EF9-90E3-57FBDA6580B6}.Release|iPhone.Deploy.0 = Release|Any CPU
		{CE758F86-CBDE-4EF9-90E3-57FBDA6580B6}.Release|iPhoneSimulator.ActiveCfg = Release|Any CPU
		{CE758F86-CBDE-4EF9-90E3-57FBDA6580B6}.Release|iPhoneSimulator.Build.0 = Release|Any CPU
		{CE758F86-CBDE-4EF9-90E3-57FBDA6580B6}.Release|iPhoneSimulator.Deploy.0 = Release|Any CPU
		{CE758F86-CBDE-4EF9-90E3-57FBDA6580B6}.Release|x64.ActiveCfg = Release|Any CPU
		{CE758F86-CBDE-4EF9-90E3-57FBDA6580B6}.Release|x64.Build.0 = Release|Any CPU
		{CE758F86-CBDE-4EF9-90E3-57FBDA6580B6}.Release|x64.Deploy.0 = Release|Any CPU
		{CE758F86-CBDE-4EF9-90E3-57FBDA6580B6}.Release|x86.ActiveCfg = Release|Any CPU
		{CE758F86-CBDE-4EF9-90E3-57FBDA6580B6}.Release|x86.Build.0 = Release|Any CPU
		{CE758F86-CBDE-4EF9-90E3-57FBDA6580B6}.Release|x86.Deploy.0 = Release|Any CPU
		{2DD806DE-BFAF-4C60-9AD8-78D0A49CBE13}.Ad-Hoc|Any CPU.ActiveCfg = Ad-Hoc|iPhone
		{2DD806DE-BFAF-4C60-9AD8-78D0A49CBE13}.Ad-Hoc|ARM.ActiveCfg = Ad-Hoc|iPhone
		{2DD806DE-BFAF-4C60-9AD8-78D0A49CBE13}.Ad-Hoc|iPhone.ActiveCfg = Ad-Hoc|iPhone
		{2DD806DE-BFAF-4C60-9AD8-78D0A49CBE13}.Ad-Hoc|iPhone.Build.0 = Ad-Hoc|iPhone
		{2DD806DE-BFAF-4C60-9AD8-78D0A49CBE13}.Ad-Hoc|iPhoneSimulator.ActiveCfg = Ad-Hoc|iPhoneSimulator
		{2DD806DE-BFAF-4C60-9AD8-78D0A49CBE13}.Ad-Hoc|iPhoneSimulator.Build.0 = Ad-Hoc|iPhoneSimulator
		{2DD806DE-BFAF-4C60-9AD8-78D0A49CBE13}.Ad-Hoc|x64.ActiveCfg = Ad-Hoc|iPhone
		{2DD806DE-BFAF-4C60-9AD8-78D0A49CBE13}.Ad-Hoc|x86.ActiveCfg = Ad-Hoc|iPhone
		{2DD806DE-BFAF-4C60-9AD8-78D0A49CBE13}.AppStore|Any CPU.ActiveCfg = AppStore|iPhone
		{2DD806DE-BFAF-4C60-9AD8-78D0A49CBE13}.AppStore|ARM.ActiveCfg = AppStore|iPhone
		{2DD806DE-BFAF-4C60-9AD8-78D0A49CBE13}.AppStore|iPhone.ActiveCfg = AppStore|iPhone
		{2DD806DE-BFAF-4C60-9AD8-78D0A49CBE13}.AppStore|iPhone.Build.0 = AppStore|iPhone
		{2DD806DE-BFAF-4C60-9AD8-78D0A49CBE13}.AppStore|iPhoneSimulator.ActiveCfg = AppStore|iPhoneSimulator
		{2DD806DE-BFAF-4C60-9AD8-78D0A49CBE13}.AppStore|iPhoneSimulator.Build.0 = AppStore|iPhoneSimulator
		{2DD806DE-BFAF-4C60-9AD8-78D0A49CBE13}.AppStore|x64.ActiveCfg = AppStore|iPhone
		{2DD806DE-BFAF-4C60-9AD8-78D0A49CBE13}.AppStore|x86.ActiveCfg = AppStore|iPhone
		{2DD806DE-BFAF-4C60-9AD8-78D0A49CBE13}.Debug|Any CPU.ActiveCfg = Debug|iPhone
		{2DD806DE-BFAF-4C60-9AD8-78D0A49CBE13}.Debug|ARM.ActiveCfg = Debug|iPhone
		{2DD806DE-BFAF-4C60-9AD8-78D0A49CBE13}.Debug|iPhone.ActiveCfg = Debug|iPhone
		{2DD806DE-BFAF-4C60-9AD8-78D0A49CBE13}.Debug|iPhone.Build.0 = Debug|iPhone
		{2DD806DE-BFAF-4C60-9AD8-78D0A49CBE13}.Debug|iPhoneSimulator.ActiveCfg = Debug|iPhoneSimulator
		{2DD806DE-BFAF-4C60-9AD8-78D0A49CBE13}.Debug|iPhoneSimulator.Build.0 = Debug|iPhoneSimulator
		{2DD806DE-BFAF-4C60-9AD8-78D0A49CBE13}.Debug|x64.ActiveCfg = Debug|iPhone
		{2DD806DE-BFAF-4C60-9AD8-78D0A49CBE13}.Debug|x86.ActiveCfg = Debug|iPhone
		{2DD806DE-BFAF-4C60-9AD8-78D0A49CBE13}.Release|Any CPU.ActiveCfg = Release|iPhone
		{2DD806DE-BFAF-4C60-9AD8-78D0A49CBE13}.Release|ARM.ActiveCfg = Release|iPhone
		{2DD806DE-BFAF-4C60-9AD8-78D0A49CBE13}.Release|iPhone.ActiveCfg = Release|iPhone
		{2DD806DE-BFAF-4C60-9AD8-78D0A49CBE13}.Release|iPhone.Build.0 = Release|iPhone
		{2DD806DE-BFAF-4C60-9AD8-78D0A49CBE13}.Release|iPhoneSimulator.ActiveCfg = Release|iPhoneSimulator
		{2DD806DE-BFAF-4C60-9AD8-78D0A49CBE13}.Release|iPhoneSimulator.Build.0 = Release|iPhoneSimulator
		{2DD806DE-BFAF-4C60-9AD8-78D0A49CBE13}.Release|x64.ActiveCfg = Release|iPhone
		{2DD806DE-BFAF-4C60-9AD8-78D0A49CBE13}.Release|x86.ActiveCfg = Release|iPhone
		{8B9834EC-A90F-459D-8F9B-687AADED1752}.Ad-Hoc|Any CPU.ActiveCfg = Release|x86
		{8B9834EC-A90F-459D-8F9B-687AADED1752}.Ad-Hoc|Any CPU.Build.0 = Release|x86
		{8B9834EC-A90F-459D-8F9B-687AADED1752}.Ad-Hoc|Any CPU.Deploy.0 = Release|x86
		{8B9834EC-A90F-459D-8F9B-687AADED1752}.Ad-Hoc|ARM.ActiveCfg = Release|ARM
		{8B9834EC-A90F-459D-8F9B-687AADED1752}.Ad-Hoc|ARM.Build.0 = Release|ARM
		{8B9834EC-A90F-459D-8F9B-687AADED1752}.Ad-Hoc|ARM.Deploy.0 = Release|ARM
		{8B9834EC-A90F-459D-8F9B-687AADED1752}.Ad-Hoc|iPhone.ActiveCfg = Release|x86
		{8B9834EC-A90F-459D-8F9B-687AADED1752}.Ad-Hoc|iPhone.Build.0 = Release|x86
		{8B9834EC-A90F-459D-8F9B-687AADED1752}.Ad-Hoc|iPhone.Deploy.0 = Release|x86
		{8B9834EC-A90F-459D-8F9B-687AADED1752}.Ad-Hoc|iPhoneSimulator.ActiveCfg = Release|x86
		{8B9834EC-A90F-459D-8F9B-687AADED1752}.Ad-Hoc|iPhoneSimulator.Build.0 = Release|x86
		{8B9834EC-A90F-459D-8F9B-687AADED1752}.Ad-Hoc|iPhoneSimulator.Deploy.0 = Release|x86
		{8B9834EC-A90F-459D-8F9B-687AADED1752}.Ad-Hoc|x64.ActiveCfg = Release|x64
		{8B9834EC-A90F-459D-8F9B-687AADED1752}.Ad-Hoc|x64.Build.0 = Release|x64
		{8B9834EC-A90F-459D-8F9B-687AADED1752}.Ad-Hoc|x64.Deploy.0 = Release|x64
		{8B9834EC-A90F-459D-8F9B-687AADED1752}.Ad-Hoc|x86.ActiveCfg = Release|x86
		{8B9834EC-A90F-459D-8F9B-687AADED1752}.Ad-Hoc|x86.Build.0 = Release|x86
		{8B9834EC-A90F-459D-8F9B-687AADED1752}.Ad-Hoc|x86.Deploy.0 = Release|x86
		{8B9834EC-A90F-459D-8F9B-687AADED1752}.AppStore|Any CPU.ActiveCfg = Release|x86
		{8B9834EC-A90F-459D-8F9B-687AADED1752}.AppStore|Any CPU.Build.0 = Release|x86
		{8B9834EC-A90F-459D-8F9B-687AADED1752}.AppStore|Any CPU.Deploy.0 = Release|x86
		{8B9834EC-A90F-459D-8F9B-687AADED1752}.AppStore|ARM.ActiveCfg = Release|ARM
		{8B9834EC-A90F-459D-8F9B-687AADED1752}.AppStore|ARM.Build.0 = Release|ARM
		{8B9834EC-A90F-459D-8F9B-687AADED1752}.AppStore|ARM.Deploy.0 = Release|ARM
		{8B9834EC-A90F-459D-8F9B-687AADED1752}.AppStore|iPhone.ActiveCfg = Release|x86
		{8B9834EC-A90F-459D-8F9B-687AADED1752}.AppStore|iPhone.Build.0 = Release|x86
		{8B9834EC-A90F-459D-8F9B-687AADED1752}.AppStore|iPhone.Deploy.0 = Release|x86
		{8B9834EC-A90F-459D-8F9B-687AADED1752}.AppStore|iPhoneSimulator.ActiveCfg = Release|x86
		{8B9834EC-A90F-459D-8F9B-687AADED1752}.AppStore|iPhoneSimulator.Build.0 = Release|x86
		{8B9834EC-A90F-459D-8F9B-687AADED1752}.AppStore|iPhoneSimulator.Deploy.0 = Release|x86
		{8B9834EC-A90F-459D-8F9B-687AADED1752}.AppStore|x64.ActiveCfg = Release|x64
		{8B9834EC-A90F-459D-8F9B-687AADED1752}.AppStore|x64.Build.0 = Release|x64
		{8B9834EC-A90F-459D-8F9B-687AADED1752}.AppStore|x64.Deploy.0 = Release|x64
		{8B9834EC-A90F-459D-8F9B-687AADED1752}.AppStore|x86.ActiveCfg = Release|x86
		{8B9834EC-A90F-459D-8F9B-687AADED1752}.AppStore|x86.Build.0 = Release|x86
		{8B9834EC-A90F-459D-8F9B-687AADED1752}.AppStore|x86.Deploy.0 = Release|x86
		{8B9834EC-A90F-459D-8F9B-687AADED1752}.Debug|Any CPU.ActiveCfg = Debug|x86
		{8B9834EC-A90F-459D-8F9B-687AADED1752}.Debug|ARM.ActiveCfg = Debug|ARM
		{8B9834EC-A90F-459D-8F9B-687AADED1752}.Debug|ARM.Build.0 = Debug|ARM
		{8B9834EC-A90F-459D-8F9B-687AADED1752}.Debug|ARM.Deploy.0 = Debug|ARM
		{8B9834EC-A90F-459D-8F9B-687AADED1752}.Debug|iPhone.ActiveCfg = Debug|x86
		{8B9834EC-A90F-459D-8F9B-687AADED1752}.Debug|iPhoneSimulator.ActiveCfg = Debug|x86
		{8B9834EC-A90F-459D-8F9B-687AADED1752}.Debug|x64.ActiveCfg = Debug|x64
		{8B9834EC-A90F-459D-8F9B-687AADED1752}.Debug|x64.Build.0 = Debug|x64
		{8B9834EC-A90F-459D-8F9B-687AADED1752}.Debug|x64.Deploy.0 = Debug|x64
		{8B9834EC-A90F-459D-8F9B-687AADED1752}.Debug|x86.ActiveCfg = Debug|x86
		{8B9834EC-A90F-459D-8F9B-687AADED1752}.Debug|x86.Build.0 = Debug|x86
		{8B9834EC-A90F-459D-8F9B-687AADED1752}.Debug|x86.Deploy.0 = Debug|x86
		{8B9834EC-A90F-459D-8F9B-687AADED1752}.Release|Any CPU.ActiveCfg = Release|x86
		{8B9834EC-A90F-459D-8F9B-687AADED1752}.Release|ARM.ActiveCfg = Release|ARM
		{8B9834EC-A90F-459D-8F9B-687AADED1752}.Release|ARM.Build.0 = Release|ARM
		{8B9834EC-A90F-459D-8F9B-687AADED1752}.Release|ARM.Deploy.0 = Release|ARM
		{8B9834EC-A90F-459D-8F9B-687AADED1752}.Release|iPhone.ActiveCfg = Release|x86
		{8B9834EC-A90F-459D-8F9B-687AADED1752}.Release|iPhoneSimulator.ActiveCfg = Release|x86
		{8B9834EC-A90F-459D-8F9B-687AADED1752}.Release|x64.ActiveCfg = Release|x64
		{8B9834EC-A90F-459D-8F9B-687AADED1752}.Release|x64.Build.0 = Release|x64
		{8B9834EC-A90F-459D-8F9B-687AADED1752}.Release|x64.Deploy.0 = Release|x64
		{8B9834EC-A90F-459D-8F9B-687AADED1752}.Release|x86.ActiveCfg = Release|x86
		{8B9834EC-A90F-459D-8F9B-687AADED1752}.Release|x86.Build.0 = Release|x86
		{8B9834EC-A90F-459D-8F9B-687AADED1752}.Release|x86.Deploy.0 = Release|x86
		{86AA572C-4446-4819-BD08-7B0F48605992}.Ad-Hoc|Any CPU.ActiveCfg = Debug|Any CPU
		{86AA572C-4446-4819-BD08-7B0F48605992}.Ad-Hoc|Any CPU.Build.0 = Debug|Any CPU
		{86AA572C-4446-4819-BD08-7B0F48605992}.Ad-Hoc|ARM.ActiveCfg = Debug|Any CPU
		{86AA572C-4446-4819-BD08-7B0F48605992}.Ad-Hoc|ARM.Build.0 = Debug|Any CPU
		{86AA572C-4446-4819-BD08-7B0F48605992}.Ad-Hoc|iPhone.ActiveCfg = Debug|Any CPU
		{86AA572C-4446-4819-BD08-7B0F48605992}.Ad-Hoc|iPhone.Build.0 = Debug|Any CPU
		{86AA572C-4446-4819-BD08-7B0F48605992}.Ad-Hoc|iPhoneSimulator.ActiveCfg = Debug|Any CPU
		{86AA572C-4446-4819-BD08-7B0F48605992}.Ad-Hoc|iPhoneSimulator.Build.0 = Debug|Any CPU
		{86AA572C-4446-4819-BD08-7B0F48605992}.Ad-Hoc|x64.ActiveCfg = Debug|Any CPU
		{86AA572C-4446-4819-BD08-7B0F48605992}.Ad-Hoc|x64.Build.0 = Debug|Any CPU
		{86AA572C-4446-4819-BD08-7B0F48605992}.Ad-Hoc|x86.ActiveCfg = Debug|Any CPU
		{86AA572C-4446-4819-BD08-7B0F48605992}.Ad-Hoc|x86.Build.0 = Debug|Any CPU
		{86AA572C-4446-4819-BD08-7B0F48605992}.AppStore|Any CPU.ActiveCfg = Debug|Any CPU
		{86AA572C-4446-4819-BD08-7B0F48605992}.AppStore|Any CPU.Build.0 = Debug|Any CPU
		{86AA572C-4446-4819-BD08-7B0F48605992}.AppStore|ARM.ActiveCfg = Debug|Any CPU
		{86AA572C-4446-4819-BD08-7B0F48605992}.AppStore|ARM.Build.0 = Debug|Any CPU
		{86AA572C-4446-4819-BD08-7B0F48605992}.AppStore|iPhone.ActiveCfg = Debug|Any CPU
		{86AA572C-4446-4819-BD08-7B0F48605992}.AppStore|iPhone.Build.0 = Debug|Any CPU
		{86AA572C-4446-4819-BD08-7B0F48605992}.AppStore|iPhoneSimulator.ActiveCfg = Debug|Any CPU
		{86AA572C-4446-4819-BD08-7B0F48605992}.AppStore|iPhoneSimulator.Build.0 = Debug|Any CPU
		{86AA572C-4446-4819-BD08-7B0F48605992}.AppStore|x64.ActiveCfg = Debug|Any CPU
		{86AA572C-4446-4819-BD08-7B0F48605992}.AppStore|x64.Build.0 = Debug|Any CPU
		{86AA572C-4446-4819-BD08-7B0F48605992}.AppStore|x86.ActiveCfg = Debug|Any CPU
		{86AA572C-4446-4819-BD08-7B0F48605992}.AppStore|x86.Build.0 = Debug|Any CPU
		{86AA572C-4446-4819-BD08-7B0F48605992}.Debug|Any CPU.ActiveCfg = Debug|Any CPU
		{86AA572C-4446-4819-BD08-7B0F48605992}.Debug|Any CPU.Build.0 = Debug|Any CPU
		{86AA572C-4446-4819-BD08-7B0F48605992}.Debug|ARM.ActiveCfg = Debug|Any CPU
		{86AA572C-4446-4819-BD08-7B0F48605992}.Debug|ARM.Build.0 = Debug|Any CPU
		{86AA572C-4446-4819-BD08-7B0F48605992}.Debug|iPhone.ActiveCfg = Debug|Any CPU
		{86AA572C-4446-4819-BD08-7B0F48605992}.Debug|iPhone.Build.0 = Debug|Any CPU
		{86AA572C-4446-4819-BD08-7B0F48605992}.Debug|iPhoneSimulator.ActiveCfg = Debug|Any CPU
		{86AA572C-4446-4819-BD08-7B0F48605992}.Debug|iPhoneSimulator.Build.0 = Debug|Any CPU
		{86AA572C-4446-4819-BD08-7B0F48605992}.Debug|x64.ActiveCfg = Debug|Any CPU
		{86AA572C-4446-4819-BD08-7B0F48605992}.Debug|x64.Build.0 = Debug|Any CPU
		{86AA572C-4446-4819-BD08-7B0F48605992}.Debug|x86.ActiveCfg = Debug|Any CPU
		{86AA572C-4446-4819-BD08-7B0F48605992}.Debug|x86.Build.0 = Debug|Any CPU
		{86AA572C-4446-4819-BD08-7B0F48605992}.Release|Any CPU.ActiveCfg = Release|Any CPU
		{86AA572C-4446-4819-BD08-7B0F48605992}.Release|Any CPU.Build.0 = Release|Any CPU
		{86AA572C-4446-4819-BD08-7B0F48605992}.Release|ARM.ActiveCfg = Release|Any CPU
		{86AA572C-4446-4819-BD08-7B0F48605992}.Release|ARM.Build.0 = Release|Any CPU
		{86AA572C-4446-4819-BD08-7B0F48605992}.Release|iPhone.ActiveCfg = Release|Any CPU
		{86AA572C-4446-4819-BD08-7B0F48605992}.Release|iPhone.Build.0 = Release|Any CPU
		{86AA572C-4446-4819-BD08-7B0F48605992}.Release|iPhoneSimulator.ActiveCfg = Release|Any CPU
		{86AA572C-4446-4819-BD08-7B0F48605992}.Release|iPhoneSimulator.Build.0 = Release|Any CPU
		{86AA572C-4446-4819-BD08-7B0F48605992}.Release|x64.ActiveCfg = Release|Any CPU
		{86AA572C-4446-4819-BD08-7B0F48605992}.Release|x64.Build.0 = Release|Any CPU
		{86AA572C-4446-4819-BD08-7B0F48605992}.Release|x86.ActiveCfg = Release|Any CPU
		{86AA572C-4446-4819-BD08-7B0F48605992}.Release|x86.Build.0 = Release|Any CPU
	EndGlobalSection
	GlobalSection(SolutionProperties) = preSolution
		HideSolutionNode = FALSE
	EndGlobalSection
	GlobalSection(ExtensibilityGlobals) = postSolution
		SolutionGuid = {1DBDDA75-6FAF-441E-A487-BE27B187068B}
	EndGlobalSection
EndGlobal
