
Microsoft Visual Studio Solution File, Format Version 12.00
# Visual Studio Version 17
VisualStudioVersion = 17.0.32112.339
MinimumVisualStudioVersion = 10.0.40219.1
Project("{FAE04EC0-301F-11D3-BF4B-00C04F79EFBC}") = "CognitiveFaceApp.UWP", "CognitiveFaceApp.UWP\CognitiveFaceApp.UWP.csproj", "{7CABCA8C-B20B-4224-8003-DE6D096A4068}"
EndProject
Project("{FAE04EC0-301F-11D3-BF4B-00C04F79EFBC}") = "CognitiveFaceApp.Android", "CognitiveFaceApp.Android\CognitiveFaceApp.Android.csproj", "{6669F31A-713B-4C4D-AA01-D139627B7680}"
EndProject
Project("{FAE04EC0-301F-11D3-BF4B-00C04F79EFBC}") = "CognitiveFaceApp.iOS", "CognitiveFaceApp.iOS\CognitiveFaceApp.iOS.csproj", "{1FB62D31-325E-4314-9E01-A82922B7477D}"
EndProject
Project("{FAE04EC0-301F-11D3-BF4B-00C04F79EFBC}") = "CognitiveFaceApp", "CognitiveFaceApp\CognitiveFaceApp.csproj", "{6546E801-D355-40A3-86C4-5D2BEEC8B537}"
EndProject
Global
	GlobalSection(SolutionConfigurationPlatforms) = preSolution
		Debug|Any CPU = Debug|Any CPU
		Debug|ARM = Debug|ARM
		Debug|iPhone = Debug|iPhone
		Debug|iPhoneSimulator = Debug|iPhoneSimulator
		Debug|x64 = Debug|x64
		Debug|x86 = Debug|x86
		Release|Any CPU = Release|Any CPU
		Release|ARM = Release|ARM
		Release|iPhone = Release|iPhone
		Release|iPhoneSimulator = Release|iPhoneSimulator
		Release|x64 = Release|x64
		Release|x86 = Release|x86
	EndGlobalSection
	GlobalSection(ProjectConfigurationPlatforms) = postSolution
		{7CABCA8C-B20B-4224-8003-DE6D096A4068}.Debug|Any CPU.ActiveCfg = Debug|x64
		{7CABCA8C-B20B-4224-8003-DE6D096A4068}.Debug|Any CPU.Build.0 = Debug|x64
		{7CABCA8C-B20B-4224-8003-DE6D096A4068}.Debug|Any CPU.Deploy.0 = Debug|x64
		{7CABCA8C-B20B-4224-8003-DE6D096A4068}.Debug|ARM.ActiveCfg = Debug|ARM
		{7CABCA8C-B20B-4224-8003-DE6D096A4068}.Debug|ARM.Build.0 = Debug|ARM
		{7CABCA8C-B20B-4224-8003-DE6D096A4068}.Debug|ARM.Deploy.0 = Debug|ARM
		{7CABCA8C-B20B-4224-8003-DE6D096A4068}.Debug|iPhone.ActiveCfg = Debug|x64
		{7CABCA8C-B20B-4224-8003-DE6D096A4068}.Debug|iPhone.Build.0 = Debug|x64
		{7CABCA8C-B20B-4224-8003-DE6D096A4068}.Debug|iPhone.Deploy.0 = Debug|x64
		{7CABCA8C-B20B-4224-8003-DE6D096A4068}.Debug|iPhoneSimulator.ActiveCfg = Debug|x64
		{7CABCA8C-B20B-4224-8003-DE6D096A4068}.Debug|iPhoneSimulator.Build.0 = Debug|x64
		{7CABCA8C-B20B-4224-8003-DE6D096A4068}.Debug|iPhoneSimulator.Deploy.0 = Debug|x64
		{7CABCA8C-B20B-4224-8003-DE6D096A4068}.Debug|x64.ActiveCfg = Debug|x64
		{7CABCA8C-B20B-4224-8003-DE6D096A4068}.Debug|x64.Build.0 = Debug|x64
		{7CABCA8C-B20B-4224-8003-DE6D096A4068}.Debug|x64.Deploy.0 = Debug|x64
		{7CABCA8C-B20B-4224-8003-DE6D096A4068}.Debug|x86.ActiveCfg = Debug|x86
		{7CABCA8C-B20B-4224-8003-DE6D096A4068}.Debug|x86.Build.0 = Debug|x86
		{7CABCA8C-B20B-4224-8003-DE6D096A4068}.Debug|x86.Deploy.0 = Debug|x86
		{7CABCA8C-B20B-4224-8003-DE6D096A4068}.Release|Any CPU.ActiveCfg = Release|x64
		{7CABCA8C-B20B-4224-8003-DE6D096A4068}.Release|Any CPU.Build.0 = Release|x64
		{7CABCA8C-B20B-4224-8003-DE6D096A4068}.Release|Any CPU.Deploy.0 = Release|x64
		{7CABCA8C-B20B-4224-8003-DE6D096A4068}.Release|ARM.ActiveCfg = Release|ARM
		{7CABCA8C-B20B-4224-8003-DE6D096A4068}.Release|ARM.Build.0 = Release|ARM
		{7CABCA8C-B20B-4224-8003-DE6D096A4068}.Release|ARM.Deploy.0 = Release|ARM
		{7CABCA8C-B20B-4224-8003-DE6D096A4068}.Release|iPhone.ActiveCfg = Release|x64
		{7CABCA8C-B20B-4224-8003-DE6D096A4068}.Release|iPhone.Build.0 = Release|x64
		{7CABCA8C-B20B-4224-8003-DE6D096A4068}.Release|iPhone.Deploy.0 = Release|x64
		{7CABCA8C-B20B-4224-8003-DE6D096A4068}.Release|iPhoneSimulator.ActiveCfg = Release|x64
		{7CABCA8C-B20B-4224-8003-DE6D096A4068}.Release|iPhoneSimulator.Build.0 = Release|x64
		{7CABCA8C-B20B-4224-8003-DE6D096A4068}.Release|iPhoneSimulator.Deploy.0 = Release|x64
		{7CABCA8C-B20B-4224-8003-DE6D096A4068}.Release|x64.ActiveCfg = Release|x64
		{7CABCA8C-B20B-4224-8003-DE6D096A4068}.Release|x64.Build.0 = Release|x64
		{7CABCA8C-B20B-4224-8003-DE6D096A4068}.Release|x64.Deploy.0 = Release|x64
		{7CABCA8C-B20B-4224-8003-DE6D096A4068}.Release|x86.ActiveCfg = Release|x86
		{7CABCA8C-B20B-4224-8003-DE6D096A4068}.Release|x86.Build.0 = Release|x86
		{7CABCA8C-B20B-4224-8003-DE6D096A4068}.Release|x86.Deploy.0 = Release|x86
		{6669F31A-713B-4C4D-AA01-D139627B7680}.Debug|Any CPU.ActiveCfg = Debug|Any CPU
		{6669F31A-713B-4C4D-AA01-D139627B7680}.Debug|Any CPU.Build.0 = Debug|Any CPU
		{6669F31A-713B-4C4D-AA01-D139627B7680}.Debug|Any CPU.Deploy.0 = Debug|Any CPU
		{6669F31A-713B-4C4D-AA01-D139627B7680}.Debug|ARM.ActiveCfg = Debug|Any CPU
		{6669F31A-713B-4C4D-AA01-D139627B7680}.Debug|ARM.Build.0 = Debug|Any CPU
		{6669F31A-713B-4C4D-AA01-D139627B7680}.Debug|ARM.Deploy.0 = Debug|Any CPU
		{6669F31A-713B-4C4D-AA01-D139627B7680}.Debug|iPhone.ActiveCfg = Debug|Any CPU
		{6669F31A-713B-4C4D-AA01-D139627B7680}.Debug|iPhone.Build.0 = Debug|Any CPU
		{6669F31A-713B-4C4D-AA01-D139627B7680}.Debug|iPhone.Deploy.0 = Debug|Any CPU
		{6669F31A-713B-4C4D-AA01-D139627B7680}.Debug|iPhoneSimulator.ActiveCfg = Debug|Any CPU
		{6669F31A-713B-4C4D-AA01-D139627B7680}.Debug|iPhoneSimulator.Build.0 = Debug|Any CPU
		{6669F31A-713B-4C4D-AA01-D139627B7680}.Debug|iPhoneSimulator.Deploy.0 = Debug|Any CPU
		{6669F31A-713B-4C4D-AA01-D139627B7680}.Debug|x64.ActiveCfg = Debug|Any CPU
		{6669F31A-713B-4C4D-AA01-D139627B7680}.Debug|x64.Build.0 = Debug|Any CPU
		{6669F31A-713B-4C4D-AA01-D139627B7680}.Debug|x64.Deploy.0 = Debug|Any CPU
		{6669F31A-713B-4C4D-AA01-D139627B7680}.Debug|x86.ActiveCfg = Debug|Any CPU
		{6669F31A-713B-4C4D-AA01-D139627B7680}.Debug|x86.Build.0 = Debug|Any CPU
		{6669F31A-713B-4C4D-AA01-D139627B7680}.Debug|x86.Deploy.0 = Debug|Any CPU
		{6669F31A-713B-4C4D-AA01-D139627B7680}.Release|Any CPU.ActiveCfg = Release|Any CPU
		{6669F31A-713B-4C4D-AA01-D139627B7680}.Release|Any CPU.Build.0 = Release|Any CPU
		{6669F31A-713B-4C4D-AA01-D139627B7680}.Release|Any CPU.Deploy.0 = Release|Any CPU
		{6669F31A-713B-4C4D-AA01-D139627B7680}.Release|ARM.ActiveCfg = Release|Any CPU
		{6669F31A-713B-4C4D-AA01-D139627B7680}.Release|ARM.Build.0 = Release|Any CPU
		{6669F31A-713B-4C4D-AA01-D139627B7680}.Release|ARM.Deploy.0 = Release|Any CPU
		{6669F31A-713B-4C4D-AA01-D139627B7680}.Release|iPhone.ActiveCfg = Release|Any CPU
		{6669F31A-713B-4C4D-AA01-D139627B7680}.Release|iPhone.Build.0 = Release|Any CPU
		{6669F31A-713B-4C4D-AA01-D139627B7680}.Release|iPhone.Deploy.0 = Release|Any CPU
		{6669F31A-713B-4C4D-AA01-D139627B7680}.Release|iPhoneSimulator.ActiveCfg = Release|Any CPU
		{6669F31A-713B-4C4D-AA01-D139627B7680}.Release|iPhoneSimulator.Build.0 = Release|Any CPU
		{6669F31A-713B-4C4D-AA01-D139627B7680}.Release|iPhoneSimulator.Deploy.0 = Release|Any CPU
		{6669F31A-713B-4C4D-AA01-D139627B7680}.Release|x64.ActiveCfg = Release|Any CPU
		{6669F31A-713B-4C4D-AA01-D139627B7680}.Release|x64.Build.0 = Release|Any CPU
		{6669F31A-713B-4C4D-AA01-D139627B7680}.Release|x64.Deploy.0 = Release|Any CPU
		{6669F31A-713B-4C4D-AA01-D139627B7680}.Release|x86.ActiveCfg = Release|Any CPU
		{6669F31A-713B-4C4D-AA01-D139627B7680}.Release|x86.Build.0 = Release|Any CPU
		{6669F31A-713B-4C4D-AA01-D139627B7680}.Release|x86.Deploy.0 = Release|Any CPU
		{1FB62D31-325E-4314-9E01-A82922B7477D}.Debug|Any CPU.ActiveCfg = Debug|iPhoneSimulator
		{1FB62D31-325E-4314-9E01-A82922B7477D}.Debug|Any CPU.Build.0 = Debug|iPhoneSimulator
		{1FB62D31-325E-4314-9E01-A82922B7477D}.Debug|Any CPU.Deploy.0 = Debug|iPhoneSimulator
		{1FB62D31-325E-4314-9E01-A82922B7477D}.Debug|ARM.ActiveCfg = Debug|iPhoneSimulator
		{1FB62D31-325E-4314-9E01-A82922B7477D}.Debug|ARM.Build.0 = Debug|iPhoneSimulator
		{1FB62D31-325E-4314-9E01-A82922B7477D}.Debug|ARM.Deploy.0 = Debug|iPhoneSimulator
		{1FB62D31-325E-4314-9E01-A82922B7477D}.Debug|iPhone.ActiveCfg = Debug|iPhone
		{1FB62D31-325E-4314-9E01-A82922B7477D}.Debug|iPhone.Build.0 = Debug|iPhone
		{1FB62D31-325E-4314-9E01-A82922B7477D}.Debug|iPhone.Deploy.0 = Debug|iPhone
		{1FB62D31-325E-4314-9E01-A82922B7477D}.Debug|iPhoneSimulator.ActiveCfg = Debug|iPhoneSimulator
		{1FB62D31-325E-4314-9E01-A82922B7477D}.Debug|iPhoneSimulator.Build.0 = Debug|iPhoneSimulator
		{1FB62D31-325E-4314-9E01-A82922B7477D}.Debug|iPhoneSimulator.Deploy.0 = Debug|iPhoneSimulator
		{1FB62D31-325E-4314-9E01-A82922B7477D}.Debug|x64.ActiveCfg = Debug|iPhone
		{1FB62D31-325E-4314-9E01-A82922B7477D}.Debug|x64.Build.0 = Debug|iPhone
		{1FB62D31-325E-4314-9E01-A82922B7477D}.Debug|x64.Deploy.0 = Debug|iPhone
		{1FB62D31-325E-4314-9E01-A82922B7477D}.Debug|x86.ActiveCfg = Debug|iPhoneSimulator
		{1FB62D31-325E-4314-9E01-A82922B7477D}.Debug|x86.Build.0 = Debug|iPhoneSimulator
		{1FB62D31-325E-4314-9E01-A82922B7477D}.Debug|x86.Deploy.0 = Debug|iPhoneSimulator
		{1FB62D31-325E-4314-9E01-A82922B7477D}.Release|Any CPU.ActiveCfg = Release|iPhoneSimulator
		{1FB62D31-325E-4314-9E01-A82922B7477D}.Release|Any CPU.Build.0 = Release|iPhoneSimulator
		{1FB62D31-325E-4314-9E01-A82922B7477D}.Release|Any CPU.Deploy.0 = Release|iPhoneSimulator
		{1FB62D31-325E-4314-9E01-A82922B7477D}.Release|ARM.ActiveCfg = Release|iPhoneSimulator
		{1FB62D31-325E-4314-9E01-A82922B7477D}.Release|ARM.Build.0 = Release|iPhoneSimulator
		{1FB62D31-325E-4314-9E01-A82922B7477D}.Release|ARM.Deploy.0 = Release|iPhoneSimulator
		{1FB62D31-325E-4314-9E01-A82922B7477D}.Release|iPhone.ActiveCfg = Release|iPhone
		{1FB62D31-325E-4314-9E01-A82922B7477D}.Release|iPhone.Build.0 = Release|iPhone
		{1FB62D31-325E-4314-9E01-A82922B7477D}.Release|iPhone.Deploy.0 = Release|iPhone
		{1FB62D31-325E-4314-9E01-A82922B7477D}.Release|iPhoneSimulator.ActiveCfg = Release|iPhoneSimulator
		{1FB62D31-325E-4314-9E01-A82922B7477D}.Release|iPhoneSimulator.Build.0 = Release|iPhoneSimulator
		{1FB62D31-325E-4314-9E01-A82922B7477D}.Release|iPhoneSimulator.Deploy.0 = Release|iPhoneSimulator
		{1FB62D31-325E-4314-9E01-A82922B7477D}.Release|x64.ActiveCfg = Release|iPhoneSimulator
		{1FB62D31-325E-4314-9E01-A82922B7477D}.Release|x64.Build.0 = Release|iPhoneSimulator
		{1FB62D31-325E-4314-9E01-A82922B7477D}.Release|x64.Deploy.0 = Release|iPhoneSimulator
		{1FB62D31-325E-4314-9E01-A82922B7477D}.Release|x86.ActiveCfg = Release|iPhoneSimulator
		{1FB62D31-325E-4314-9E01-A82922B7477D}.Release|x86.Build.0 = Release|iPhoneSimulator
		{1FB62D31-325E-4314-9E01-A82922B7477D}.Release|x86.Deploy.0 = Release|iPhoneSimulator
		{6546E801-D355-40A3-86C4-5D2BEEC8B537}.Debug|Any CPU.ActiveCfg = Debug|Any CPU
		{6546E801-D355-40A3-86C4-5D2BEEC8B537}.Debug|Any CPU.Build.0 = Debug|Any CPU
		{6546E801-D355-40A3-86C4-5D2BEEC8B537}.Debug|Any CPU.Deploy.0 = Debug|Any CPU
		{6546E801-D355-40A3-86C4-5D2BEEC8B537}.Debug|ARM.ActiveCfg = Debug|Any CPU
		{6546E801-D355-40A3-86C4-5D2BEEC8B537}.Debug|ARM.Build.0 = Debug|Any CPU
		{6546E801-D355-40A3-86C4-5D2BEEC8B537}.Debug|ARM.Deploy.0 = Debug|Any CPU
		{6546E801-D355-40A3-86C4-5D2BEEC8B537}.Debug|iPhone.ActiveCfg = Debug|Any CPU
		{6546E801-D355-40A3-86C4-5D2BEEC8B537}.Debug|iPhone.Build.0 = Debug|Any CPU
		{6546E801-D355-40A3-86C4-5D2BEEC8B537}.Debug|iPhone.Deploy.0 = Debug|Any CPU
		{6546E801-D355-40A3-86C4-5D2BEEC8B537}.Debug|iPhoneSimulator.ActiveCfg = Debug|Any CPU
		{6546E801-D355-40A3-86C4-5D2BEEC8B537}.Debug|iPhoneSimulator.Build.0 = Debug|Any CPU
		{6546E801-D355-40A3-86C4-5D2BEEC8B537}.Debug|iPhoneSimulator.Deploy.0 = Debug|Any CPU
		{6546E801-D355-40A3-86C4-5D2BEEC8B537}.Debug|x64.ActiveCfg = Debug|Any CPU
		{6546E801-D355-40A3-86C4-5D2BEEC8B537}.Debug|x64.Build.0 = Debug|Any CPU
		{6546E801-D355-40A3-86C4-5D2BEEC8B537}.Debug|x64.Deploy.0 = Debug|Any CPU
		{6546E801-D355-40A3-86C4-5D2BEEC8B537}.Debug|x86.ActiveCfg = Debug|Any CPU
		{6546E801-D355-40A3-86C4-5D2BEEC8B537}.Debug|x86.Build.0 = Debug|Any CPU
		{6546E801-D355-40A3-86C4-5D2BEEC8B537}.Debug|x86.Deploy.0 = Debug|Any CPU
		{6546E801-D355-40A3-86C4-5D2BEEC8B537}.Release|Any CPU.ActiveCfg = Release|Any CPU
		{6546E801-D355-40A3-86C4-5D2BEEC8B537}.Release|Any CPU.Build.0 = Release|Any CPU
		{6546E801-D355-40A3-86C4-5D2BEEC8B537}.Release|Any CPU.Deploy.0 = Release|Any CPU
		{6546E801-D355-40A3-86C4-5D2BEEC8B537}.Release|ARM.ActiveCfg = Release|Any CPU
		{6546E801-D355-40A3-86C4-5D2BEEC8B537}.Release|ARM.Build.0 = Release|Any CPU
		{6546E801-D355-40A3-86C4-5D2BEEC8B537}.Release|ARM.Deploy.0 = Release|Any CPU
		{6546E801-D355-40A3-86C4-5D2BEEC8B537}.Release|iPhone.ActiveCfg = Release|Any CPU
		{6546E801-D355-40A3-86C4-5D2BEEC8B537}.Release|iPhone.Build.0 = Release|Any CPU
		{6546E801-D355-40A3-86C4-5D2BEEC8B537}.Release|iPhone.Deploy.0 = Release|Any CPU
		{6546E801-D355-40A3-86C4-5D2BEEC8B537}.Release|iPhoneSimulator.ActiveCfg = Release|Any CPU
		{6546E801-D355-40A3-86C4-5D2BEEC8B537}.Release|iPhoneSimulator.Build.0 = Release|Any CPU
		{6546E801-D355-40A3-86C4-5D2BEEC8B537}.Release|iPhoneSimulator.Deploy.0 = Release|Any CPU
		{6546E801-D355-40A3-86C4-5D2BEEC8B537}.Release|x64.ActiveCfg = Release|Any CPU
		{6546E801-D355-40A3-86C4-5D2BEEC8B537}.Release|x64.Build.0 = Release|Any CPU
		{6546E801-D355-40A3-86C4-5D2BEEC8B537}.Release|x64.Deploy.0 = Release|Any CPU
		{6546E801-D355-40A3-86C4-5D2BEEC8B537}.Release|x86.ActiveCfg = Release|Any CPU
		{6546E801-D355-40A3-86C4-5D2BEEC8B537}.Release|x86.Build.0 = Release|Any CPU
		{6546E801-D355-40A3-86C4-5D2BEEC8B537}.Release|x86.Deploy.0 = Release|Any CPU
	EndGlobalSection
	GlobalSection(SolutionProperties) = preSolution
		HideSolutionNode = FALSE
	EndGlobalSection
	GlobalSection(ExtensibilityGlobals) = postSolution
		SolutionGuid = {7FB156A2-B99A-49B1-91A8-4C863BB03DC7}
	EndGlobalSection
EndGlobal
